
Microsoft Visual Studio Solution File, Format Version 12.00
# Visual Studio Version 17
VisualStudioVersion = 17.1.32421.90
MinimumVisualStudioVersion = 10.0.40219.1
Project("{9A19103F-16F7-4668-BE54-9A1E7A4F7556}") = "KafkaTest", "KafkaTest\KafkaTest.csproj", "{47E760E5-3822-408F-8B1E-4F0FB581A615}"
EndProject
Project("{9A19103F-16F7-4668-BE54-9A1E7A4F7556}") = "Bankly.Sdk.Kafka", "Kafka\Bankly.Sdk.Kafka.csproj", "{D0CBFB90-E67B-4885-875C-EC14ABFA17D8}"
EndProject
Project("{FAE04EC0-301F-11D3-BF4B-00C04F79EFBC}") = "Performance_Producer", "Performance_Producer\Performance_Producer.csproj", "{D1D0F1A9-589C-4084-9B6B-56DB73363232}"
EndProject
Project("{FAE04EC0-301F-11D3-BF4B-00C04F79EFBC}") = "Performance_Consumer", "Performance_Consumer\Performance_Consumer.csproj", "{D5B9F33D-A4B2-4B72-91EE-D915EFCF7BC1}"
EndProject
Global
	GlobalSection(SolutionConfigurationPlatforms) = preSolution
		Debug|Any CPU = Debug|Any CPU
		Release|Any CPU = Release|Any CPU
	EndGlobalSection
	GlobalSection(ProjectConfigurationPlatforms) = postSolution
		{47E760E5-3822-408F-8B1E-4F0FB581A615}.Debug|Any CPU.ActiveCfg = Debug|Any CPU
		{47E760E5-3822-408F-8B1E-4F0FB581A615}.Debug|Any CPU.Build.0 = Debug|Any CPU
		{47E760E5-3822-408F-8B1E-4F0FB581A615}.Release|Any CPU.ActiveCfg = Release|Any CPU
		{47E760E5-3822-408F-8B1E-4F0FB581A615}.Release|Any CPU.Build.0 = Release|Any CPU
		{D0CBFB90-E67B-4885-875C-EC14ABFA17D8}.Debug|Any CPU.ActiveCfg = Debug|Any CPU
		{D0CBFB90-E67B-4885-875C-EC14ABFA17D8}.Debug|Any CPU.Build.0 = Debug|Any CPU
		{D0CBFB90-E67B-4885-875C-EC14ABFA17D8}.Release|Any CPU.ActiveCfg = Release|Any CPU
		{D0CBFB90-E67B-4885-875C-EC14ABFA17D8}.Release|Any CPU.Build.0 = Release|Any CPU
		{D1D0F1A9-589C-4084-9B6B-56DB73363232}.Debug|Any CPU.ActiveCfg = Debug|Any CPU
		{D1D0F1A9-589C-4084-9B6B-56DB73363232}.Debug|Any CPU.Build.0 = Debug|Any CPU
		{D1D0F1A9-589C-4084-9B6B-56DB73363232}.Release|Any CPU.ActiveCfg = Release|Any CPU
		{D1D0F1A9-589C-4084-9B6B-56DB73363232}.Release|Any CPU.Build.0 = Release|Any CPU
		{D5B9F33D-A4B2-4B72-91EE-D915EFCF7BC1}.Debug|Any CPU.ActiveCfg = Debug|Any CPU
		{D5B9F33D-A4B2-4B72-91EE-D915EFCF7BC1}.Debug|Any CPU.Build.0 = Debug|Any CPU
		{D5B9F33D-A4B2-4B72-91EE-D915EFCF7BC1}.Release|Any CPU.ActiveCfg = Release|Any CPU
		{D5B9F33D-A4B2-4B72-91EE-D915EFCF7BC1}.Release|Any CPU.Build.0 = Release|Any CPU
	EndGlobalSection
	GlobalSection(SolutionProperties) = preSolution
		HideSolutionNode = FALSE
	EndGlobalSection
	GlobalSection(ExtensibilityGlobals) = postSolution
		SolutionGuid = {17FF18F0-A522-40FC-A139-D20D1E402F21}
	EndGlobalSection
EndGlobal
